// !$*UTF8*$!
{
	archiveVersion = 1;
	classes = {
	};
	objectVersion = 56;
	objects = {

/* Begin PBXBuildFile section */
		614C172A2B1FD3F4002A2D18 /* KaalApp.swift in Sources */ = {isa = PBXBuildFile; fileRef = 614C17292B1FD3F4002A2D18 /* KaalApp.swift */; };
		614C172C2B1FD3F4002A2D18 /* DashboardView.swift in Sources */ = {isa = PBXBuildFile; fileRef = 614C172B2B1FD3F4002A2D18 /* DashboardView.swift */; };
		614C172E2B1FD3F5002A2D18 /* Assets.xcassets in Resources */ = {isa = PBXBuildFile; fileRef = 614C172D2B1FD3F5002A2D18 /* Assets.xcassets */; };
		614C17312B1FD3F5002A2D18 /* Preview Assets.xcassets in Resources */ = {isa = PBXBuildFile; fileRef = 614C17302B1FD3F5002A2D18 /* Preview Assets.xcassets */; };
		614C174B2B1FF200002A2D18 /* APIManager.swift in Sources */ = {isa = PBXBuildFile; fileRef = 614C174A2B1FF200002A2D18 /* APIManager.swift */; };
		614C174F2B1FF281002A2D18 /* LocationManager.swift in Sources */ = {isa = PBXBuildFile; fileRef = 614C174E2B1FF281002A2D18 /* LocationManager.swift */; };
		614C17542B1FF628002A2D18 /* DaylightModel.swift in Sources */ = {isa = PBXBuildFile; fileRef = 614C17532B1FF628002A2D18 /* DaylightModel.swift */; };
		614C17572B243EE3002A2D18 /* DashboardViewModel.swift in Sources */ = {isa = PBXBuildFile; fileRef = 614C17562B243EE3002A2D18 /* DashboardViewModel.swift */; };
		61BE67892B258A2B0036CF69 /* InauspiciousTimesGridView.swift in Sources */ = {isa = PBXBuildFile; fileRef = 61BE67882B258A2B0036CF69 /* InauspiciousTimesGridView.swift */; };
		61BE678B2B258A4F0036CF69 /* AuspiciousTimesGridView.swift in Sources */ = {isa = PBXBuildFile; fileRef = 61BE678A2B258A4F0036CF69 /* AuspiciousTimesGridView.swift */; };
		61BE678D2B258A5F0036CF69 /* MiscGridView.swift in Sources */ = {isa = PBXBuildFile; fileRef = 61BE678C2B258A5F0036CF69 /* MiscGridView.swift */; };
/* End PBXBuildFile section */

/* Begin PBXFileReference section */
		614C17262B1FD3F4002A2D18 /* Kaal.app */ = {isa = PBXFileReference; explicitFileType = wrapper.application; includeInIndex = 0; path = Kaal.app; sourceTree = BUILT_PRODUCTS_DIR; };
		614C17292B1FD3F4002A2D18 /* KaalApp.swift */ = {isa = PBXFileReference; lastKnownFileType = sourcecode.swift; path = KaalApp.swift; sourceTree = "<group>"; };
		614C172B2B1FD3F4002A2D18 /* DashboardView.swift */ = {isa = PBXFileReference; lastKnownFileType = sourcecode.swift; path = DashboardView.swift; sourceTree = "<group>"; };
		614C172D2B1FD3F5002A2D18 /* Assets.xcassets */ = {isa = PBXFileReference; lastKnownFileType = folder.assetcatalog; path = Assets.xcassets; sourceTree = "<group>"; };
		614C17302B1FD3F5002A2D18 /* Preview Assets.xcassets */ = {isa = PBXFileReference; lastKnownFileType = folder.assetcatalog; path = "Preview Assets.xcassets"; sourceTree = "<group>"; };
		614C174A2B1FF200002A2D18 /* APIManager.swift */ = {isa = PBXFileReference; lastKnownFileType = sourcecode.swift; path = APIManager.swift; sourceTree = "<group>"; };
		614C174E2B1FF281002A2D18 /* LocationManager.swift */ = {isa = PBXFileReference; lastKnownFileType = sourcecode.swift; path = LocationManager.swift; sourceTree = "<group>"; };
		614C17532B1FF628002A2D18 /* DaylightModel.swift */ = {isa = PBXFileReference; lastKnownFileType = sourcecode.swift; name = DaylightModel.swift; path = /Users/chetan/Desktop/iOS/AppStore/Kaal/Kaal/Models/DaylightModel.swift; sourceTree = "<absolute>"; };
		614C17552B212BE1002A2D18 /* Info.plist */ = {isa = PBXFileReference; lastKnownFileType = text.plist; path = Info.plist; sourceTree = "<group>"; };
		614C17562B243EE3002A2D18 /* DashboardViewModel.swift */ = {isa = PBXFileReference; lastKnownFileType = sourcecode.swift; path = DashboardViewModel.swift; sourceTree = "<group>"; };
		61BE67882B258A2B0036CF69 /* InauspiciousTimesGridView.swift */ = {isa = PBXFileReference; lastKnownFileType = sourcecode.swift; path = InauspiciousTimesGridView.swift; sourceTree = "<group>"; };
		61BE678A2B258A4F0036CF69 /* AuspiciousTimesGridView.swift */ = {isa = PBXFileReference; lastKnownFileType = sourcecode.swift; path = AuspiciousTimesGridView.swift; sourceTree = "<group>"; };
		61BE678C2B258A5F0036CF69 /* MiscGridView.swift */ = {isa = PBXFileReference; lastKnownFileType = sourcecode.swift; path = MiscGridView.swift; sourceTree = "<group>"; };
/* End PBXFileReference section */

/* Begin PBXFrameworksBuildPhase section */
		614C17232B1FD3F4002A2D18 /* Frameworks */ = {
			isa = PBXFrameworksBuildPhase;
			buildActionMask = 2147483647;
			files = (
			);
			runOnlyForDeploymentPostprocessing = 0;
		};
/* End PBXFrameworksBuildPhase section */

/* Begin PBXGroup section */
		614C171D2B1FD3F4002A2D18 = {
			isa = PBXGroup;
			children = (
				614C17282B1FD3F4002A2D18 /* Kaal */,
				614C17272B1FD3F4002A2D18 /* Products */,
			);
			sourceTree = "<group>";
		};
		614C17272B1FD3F4002A2D18 /* Products */ = {
			isa = PBXGroup;
			children = (
				614C17262B1FD3F4002A2D18 /* Kaal.app */,
			);
			name = Products;
			sourceTree = "<group>";
		};
		614C17282B1FD3F4002A2D18 /* Kaal */ = {
			isa = PBXGroup;
			children = (
				614C17552B212BE1002A2D18 /* Info.plist */,
				614C17522B1FF608002A2D18 /* Models */,
				614C17292B1FD3F4002A2D18 /* KaalApp.swift */,
				614C17492B1FF1DC002A2D18 /* NetworkModule */,
				614C17482B1FF1CA002A2D18 /* View Models */,
				614C17452B1FF18F002A2D18 /* Views */,
				614C172D2B1FD3F5002A2D18 /* Assets.xcassets */,
				614C172F2B1FD3F5002A2D18 /* Preview Content */,
			);
			path = Kaal;
			sourceTree = "<group>";
		};
		614C172F2B1FD3F5002A2D18 /* Preview Content */ = {
			isa = PBXGroup;
			children = (
				614C17302B1FD3F5002A2D18 /* Preview Assets.xcassets */,
			);
			path = "Preview Content";
			sourceTree = "<group>";
		};
		614C17452B1FF18F002A2D18 /* Views */ = {
			isa = PBXGroup;
			children = (
				614C172B2B1FD3F4002A2D18 /* DashboardView.swift */,
				61BE67882B258A2B0036CF69 /* InauspiciousTimesGridView.swift */,
				61BE678A2B258A4F0036CF69 /* AuspiciousTimesGridView.swift */,
				61BE678C2B258A5F0036CF69 /* MiscGridView.swift */,
			);
			path = Views;
			sourceTree = "<group>";
		};
		614C17482B1FF1CA002A2D18 /* View Models */ = {
			isa = PBXGroup;
			children = (
				614C174E2B1FF281002A2D18 /* LocationManager.swift */,
				614C17562B243EE3002A2D18 /* DashboardViewModel.swift */,
			);
			name = "View Models";
			sourceTree = "<group>";
		};
		614C17492B1FF1DC002A2D18 /* NetworkModule */ = {
			isa = PBXGroup;
			children = (
				614C174A2B1FF200002A2D18 /* APIManager.swift */,
			);
			name = NetworkModule;
			sourceTree = "<group>";
		};
		614C17522B1FF608002A2D18 /* Models */ = {
			isa = PBXGroup;
			children = (
				614C17532B1FF628002A2D18 /* DaylightModel.swift */,
			);
			path = Models;
			sourceTree = "<group>";
		};
/* End PBXGroup section */

/* Begin PBXNativeTarget section */
		614C17252B1FD3F4002A2D18 /* Kaal */ = {
			isa = PBXNativeTarget;
			buildConfigurationList = 614C17342B1FD3F5002A2D18 /* Build configuration list for PBXNativeTarget "Kaal" */;
			buildPhases = (
				614C17222B1FD3F4002A2D18 /* Sources */,
				614C17232B1FD3F4002A2D18 /* Frameworks */,
				614C17242B1FD3F4002A2D18 /* Resources */,
			);
			buildRules = (
			);
			dependencies = (
			);
			name = Kaal;
			productName = Kaal;
			productReference = 614C17262B1FD3F4002A2D18 /* Kaal.app */;
			productType = "com.apple.product-type.application";
		};
/* End PBXNativeTarget section */

/* Begin PBXProject section */
		614C171E2B1FD3F4002A2D18 /* Project object */ = {
			isa = PBXProject;
			attributes = {
				BuildIndependentTargetsInParallel = 1;
				LastSwiftUpdateCheck = 1500;
				LastUpgradeCheck = 1500;
				TargetAttributes = {
					614C17252B1FD3F4002A2D18 = {
						CreatedOnToolsVersion = 15.0.1;
					};
				};
			};
			buildConfigurationList = 614C17212B1FD3F4002A2D18 /* Build configuration list for PBXProject "Kaal" */;
			compatibilityVersion = "Xcode 14.0";
			developmentRegion = en;
			hasScannedForEncodings = 0;
			knownRegions = (
				en,
				Base,
			);
			mainGroup = 614C171D2B1FD3F4002A2D18;
			productRefGroup = 614C17272B1FD3F4002A2D18 /* Products */;
			projectDirPath = "";
			projectRoot = "";
			targets = (
				614C17252B1FD3F4002A2D18 /* Kaal */,
			);
		};
/* End PBXProject section */

/* Begin PBXResourcesBuildPhase section */
		614C17242B1FD3F4002A2D18 /* Resources */ = {
			isa = PBXResourcesBuildPhase;
			buildActionMask = 2147483647;
			files = (
				614C17312B1FD3F5002A2D18 /* Preview Assets.xcassets in Resources */,
				614C172E2B1FD3F5002A2D18 /* Assets.xcassets in Resources */,
			);
			runOnlyForDeploymentPostprocessing = 0;
		};
/* End PBXResourcesBuildPhase section */

/* Begin PBXSourcesBuildPhase section */
		614C17222B1FD3F4002A2D18 /* Sources */ = {
			isa = PBXSourcesBuildPhase;
			buildActionMask = 2147483647;
			files = (
				61BE678D2B258A5F0036CF69 /* MiscGridView.swift in Sources */,
				61BE678B2B258A4F0036CF69 /* AuspiciousTimesGridView.swift in Sources */,
				61BE67892B258A2B0036CF69 /* InauspiciousTimesGridView.swift in Sources */,
				614C174F2B1FF281002A2D18 /* LocationManager.swift in Sources */,
				614C17542B1FF628002A2D18 /* DaylightModel.swift in Sources */,
				614C174B2B1FF200002A2D18 /* APIManager.swift in Sources */,
				614C172C2B1FD3F4002A2D18 /* DashboardView.swift in Sources */,
				614C172A2B1FD3F4002A2D18 /* KaalApp.swift in Sources */,
				614C17572B243EE3002A2D18 /* DashboardViewModel.swift in Sources */,
			);
			runOnlyForDeploymentPostprocessing = 0;
		};
/* End PBXSourcesBuildPhase section */

/* Begin XCBuildConfiguration section */
		614C17322B1FD3F5002A2D18 /* Debug */ = {
			isa = XCBuildConfiguration;
			buildSettings = {
				ALWAYS_SEARCH_USER_PATHS = NO;
				ASSETCATALOG_COMPILER_GENERATE_SWIFT_ASSET_SYMBOL_EXTENSIONS = YES;
				CLANG_ANALYZER_NONNULL = YES;
				CLANG_ANALYZER_NUMBER_OBJECT_CONVERSION = YES_AGGRESSIVE;
				CLANG_CXX_LANGUAGE_STANDARD = "gnu++20";
				CLANG_ENABLE_MODULES = YES;
				CLANG_ENABLE_OBJC_ARC = YES;
				CLANG_ENABLE_OBJC_WEAK = YES;
				CLANG_WARN_BLOCK_CAPTURE_AUTORELEASING = YES;
				CLANG_WARN_BOOL_CONVERSION = YES;
				CLANG_WARN_COMMA = YES;
				CLANG_WARN_CONSTANT_CONVERSION = YES;
				CLANG_WARN_DEPRECATED_OBJC_IMPLEMENTATIONS = YES;
				CLANG_WARN_DIRECT_OBJC_ISA_USAGE = YES_ERROR;
				CLANG_WARN_DOCUMENTATION_COMMENTS = YES;
				CLANG_WARN_EMPTY_BODY = YES;
				CLANG_WARN_ENUM_CONVERSION = YES;
				CLANG_WARN_INFINITE_RECURSION = YES;
				CLANG_WARN_INT_CONVERSION = YES;
				CLANG_WARN_NON_LITERAL_NULL_CONVERSION = YES;
				CLANG_WARN_OBJC_IMPLICIT_RETAIN_SELF = YES;
				CLANG_WARN_OBJC_LITERAL_CONVERSION = YES;
				CLANG_WARN_OBJC_ROOT_CLASS = YES_ERROR;
				CLANG_WARN_QUOTED_INCLUDE_IN_FRAMEWORK_HEADER = YES;
				CLANG_WARN_RANGE_LOOP_ANALYSIS = YES;
				CLANG_WARN_STRICT_PROTOTYPES = YES;
				CLANG_WARN_SUSPICIOUS_MOVE = YES;
				CLANG_WARN_UNGUARDED_AVAILABILITY = YES_AGGRESSIVE;
				CLANG_WARN_UNREACHABLE_CODE = YES;
				CLANG_WARN__DUPLICATE_METHOD_MATCH = YES;
				COPY_PHASE_STRIP = NO;
				DEBUG_INFORMATION_FORMAT = dwarf;
				ENABLE_STRICT_OBJC_MSGSEND = YES;
				ENABLE_TESTABILITY = YES;
				ENABLE_USER_SCRIPT_SANDBOXING = YES;
				GCC_C_LANGUAGE_STANDARD = gnu17;
				GCC_DYNAMIC_NO_PIC = NO;
				GCC_NO_COMMON_BLOCKS = YES;
				GCC_OPTIMIZATION_LEVEL = 0;
				GCC_PREPROCESSOR_DEFINITIONS = (
					"DEBUG=1",
					"$(inherited)",
				);
				GCC_WARN_64_TO_32_BIT_CONVERSION = YES;
				GCC_WARN_ABOUT_RETURN_TYPE = YES_ERROR;
				GCC_WARN_UNDECLARED_SELECTOR = YES;
				GCC_WARN_UNINITIALIZED_AUTOS = YES_AGGRESSIVE;
				GCC_WARN_UNUSED_FUNCTION = YES;
				GCC_WARN_UNUSED_VARIABLE = YES;
				IPHONEOS_DEPLOYMENT_TARGET = 17.0;
				LOCALIZATION_PREFERS_STRING_CATALOGS = YES;
				MTL_ENABLE_DEBUG_INFO = INCLUDE_SOURCE;
				MTL_FAST_MATH = YES;
				ONLY_ACTIVE_ARCH = YES;
				SDKROOT = iphoneos;
				SWIFT_ACTIVE_COMPILATION_CONDITIONS = "DEBUG $(inherited)";
				SWIFT_OPTIMIZATION_LEVEL = "-Onone";
			};
			name = Debug;
		};
		614C17332B1FD3F5002A2D18 /* Release */ = {
			isa = XCBuildConfiguration;
			buildSettings = {
				ALWAYS_SEARCH_USER_PATHS = NO;
				ASSETCATALOG_COMPILER_GENERATE_SWIFT_ASSET_SYMBOL_EXTENSIONS = YES;
				CLANG_ANALYZER_NONNULL = YES;
				CLANG_ANALYZER_NUMBER_OBJECT_CONVERSION = YES_AGGRESSIVE;
				CLANG_CXX_LANGUAGE_STANDARD = "gnu++20";
				CLANG_ENABLE_MODULES = YES;
				CLANG_ENABLE_OBJC_ARC = YES;
				CLANG_ENABLE_OBJC_WEAK = YES;
				CLANG_WARN_BLOCK_CAPTURE_AUTORELEASING = YES;
				CLANG_WARN_BOOL_CONVERSION = YES;
				CLANG_WARN_COMMA = YES;
				CLANG_WARN_CONSTANT_CONVERSION = YES;
				CLANG_WARN_DEPRECATED_OBJC_IMPLEMENTATIONS = YES;
				CLANG_WARN_DIRECT_OBJC_ISA_USAGE = YES_ERROR;
				CLANG_WARN_DOCUMENTATION_COMMENTS = YES;
				CLANG_WARN_EMPTY_BODY = YES;
				CLANG_WARN_ENUM_CONVERSION = YES;
				CLANG_WARN_INFINITE_RECURSION = YES;
				CLANG_WARN_INT_CONVERSION = YES;
				CLANG_WARN_NON_LITERAL_NULL_CONVERSION = YES;
				CLANG_WARN_OBJC_IMPLICIT_RETAIN_SELF = YES;
				CLANG_WARN_OBJC_LITERAL_CONVERSION = YES;
				CLANG_WARN_OBJC_ROOT_CLASS = YES_ERROR;
				CLANG_WARN_QUOTED_INCLUDE_IN_FRAMEWORK_HEADER = YES;
				CLANG_WARN_RANGE_LOOP_ANALYSIS = YES;
				CLANG_WARN_STRICT_PROTOTYPES = YES;
				CLANG_WARN_SUSPICIOUS_MOVE = YES;
				CLANG_WARN_UNGUARDED_AVAILABILITY = YES_AGGRESSIVE;
				CLANG_WARN_UNREACHABLE_CODE = YES;
				CLANG_WARN__DUPLICATE_METHOD_MATCH = YES;
				COPY_PHASE_STRIP = NO;
				DEBUG_INFORMATION_FORMAT = "dwarf-with-dsym";
				ENABLE_NS_ASSERTIONS = NO;
				ENABLE_STRICT_OBJC_MSGSEND = YES;
				ENABLE_USER_SCRIPT_SANDBOXING = YES;
				GCC_C_LANGUAGE_STANDARD = gnu17;
				GCC_NO_COMMON_BLOCKS = YES;
				GCC_WARN_64_TO_32_BIT_CONVERSION = YES;
				GCC_WARN_ABOUT_RETURN_TYPE = YES_ERROR;
				GCC_WARN_UNDECLARED_SELECTOR = YES;
				GCC_WARN_UNINITIALIZED_AUTOS = YES_AGGRESSIVE;
				GCC_WARN_UNUSED_FUNCTION = YES;
				GCC_WARN_UNUSED_VARIABLE = YES;
				IPHONEOS_DEPLOYMENT_TARGET = 17.0;
				LOCALIZATION_PREFERS_STRING_CATALOGS = YES;
				MTL_ENABLE_DEBUG_INFO = NO;
				MTL_FAST_MATH = YES;
				SDKROOT = iphoneos;
				SWIFT_COMPILATION_MODE = wholemodule;
				VALIDATE_PRODUCT = YES;
			};
			name = Release;
		};
		614C17352B1FD3F5002A2D18 /* Debug */ = {
			isa = XCBuildConfiguration;
			buildSettings = {
				ASSETCATALOG_COMPILER_APPICON_NAME = AppIcon;
				ASSETCATALOG_COMPILER_GLOBAL_ACCENT_COLOR_NAME = AccentColor;
				CODE_SIGN_STYLE = Automatic;
				CURRENT_PROJECT_VERSION = 1;
				DEVELOPMENT_ASSET_PATHS = "\"Kaal/Preview Content\"";
				DEVELOPMENT_TEAM = H8X7BGGD4F;
				ENABLE_PREVIEWS = YES;
				GENERATE_INFOPLIST_FILE = YES;
				INFOPLIST_FILE = Kaal/Info.plist;
				INFOPLIST_KEY_NSLocationWhenInUseUsageDescription = "We need your location to calculate the daylight timings.";
				INFOPLIST_KEY_UIApplicationSceneManifest_Generation = YES;
				INFOPLIST_KEY_UIApplicationSupportsIndirectInputEvents = YES;
				INFOPLIST_KEY_UILaunchScreen_Generation = YES;
				INFOPLIST_KEY_UISupportedInterfaceOrientations_iPad = "UIInterfaceOrientationPortrait UIInterfaceOrientationPortraitUpsideDown UIInterfaceOrientationLandscapeLeft UIInterfaceOrientationLandscapeRight";
				INFOPLIST_KEY_UISupportedInterfaceOrientations_iPhone = "UIInterfaceOrientationPortrait UIInterfaceOrientationLandscapeLeft UIInterfaceOrientationLandscapeRight";
				LD_RUNPATH_SEARCH_PATHS = (
					"$(inherited)",
					"@executable_path/Frameworks",
				);
				MARKETING_VERSION = 1.0;
				PRODUCT_BUNDLE_IDENTIFIER = com.chetan.Kaal;
				PRODUCT_NAME = "$(TARGET_NAME)";
				SWIFT_EMIT_LOC_STRINGS = YES;
				SWIFT_VERSION = 5.0;
				TARGETED_DEVICE_FAMILY = "1,2";
			};
			name = Debug;
		};
		614C17362B1FD3F5002A2D18 /* Release */ = {
			isa = XCBuildConfiguration;
			buildSettings = {
				ASSETCATALOG_COMPILER_APPICON_NAME = AppIcon;
				ASSETCATALOG_COMPILER_GLOBAL_ACCENT_COLOR_NAME = AccentColor;
				CODE_SIGN_STYLE = Automatic;
				CURRENT_PROJECT_VERSION = 1;
				DEVELOPMENT_ASSET_PATHS = "\"Kaal/Preview Content\"";
				DEVELOPMENT_TEAM = H8X7BGGD4F;
				ENABLE_PREVIEWS = YES;
				GENERATE_INFOPLIST_FILE = YES;
				INFOPLIST_FILE = Kaal/Info.plist;
				INFOPLIST_KEY_NSLocationWhenInUseUsageDescription = "We need your location to calculate the daylight timings.";
				INFOPLIST_KEY_UIApplicationSceneManifest_Generation = YES;
				INFOPLIST_KEY_UIApplicationSupportsIndirectInputEvents = YES;
				INFOPLIST_KEY_UILaunchScreen_Generation = YES;
				INFOPLIST_KEY_UISupportedInterfaceOrientations_iPad = "UIInterfaceOrientationPortrait UIInterfaceOrientationPortraitUpsideDown UIInterfaceOrientationLandscapeLeft UIInterfaceOrientationLandscapeRight";
				INFOPLIST_KEY_UISupportedInterfaceOrientations_iPhone = "UIInterfaceOrientationPortrait UIInterfaceOrientationLandscapeLeft UIInterfaceOrientationLandscapeRight";
				LD_RUNPATH_SEARCH_PATHS = (
					"$(inherited)",
					"@executable_path/Frameworks",
				);
				MARKETING_VERSION = 1.0;
				PRODUCT_BUNDLE_IDENTIFIER = com.chetan.Kaal;
				PRODUCT_NAME = "$(TARGET_NAME)";
				SWIFT_EMIT_LOC_STRINGS = YES;
				SWIFT_VERSION = 5.0;
				TARGETED_DEVICE_FAMILY = "1,2";
			};
			name = Release;
		};
/* End XCBuildConfiguration section */

/* Begin XCConfigurationList section */
		614C17212B1FD3F4002A2D18 /* Build configuration list for PBXProject "Kaal" */ = {
			isa = XCConfigurationList;
			buildConfigurations = (
				614C17322B1FD3F5002A2D18 /* Debug */,
				614C17332B1FD3F5002A2D18 /* Release */,
			);
			defaultConfigurationIsVisible = 0;
			defaultConfigurationName = Release;
		};
		614C17342B1FD3F5002A2D18 /* Build configuration list for PBXNativeTarget "Kaal" */ = {
			isa = XCConfigurationList;
			buildConfigurations = (
				614C17352B1FD3F5002A2D18 /* Debug */,
				614C17362B1FD3F5002A2D18 /* Release */,
			);
			defaultConfigurationIsVisible = 0;
			defaultConfigurationName = Release;
		};
/* End XCConfigurationList section */
	};
	rootObject = 614C171E2B1FD3F4002A2D18 /* Project object */;
}
