// !$*UTF8*$!
{
	archiveVersion = 1;
	classes = {
	};
	objectVersion = 56;
	objects = {

/* Begin PBXBuildFile section */
		610CE3302B2C0F910045F006 /* HighlightedClockView.swift in Sources */ = {isa = PBXBuildFile; fileRef = 610CE32F2B2C0F910045F006 /* HighlightedClockView.swift */; };
		610CE3342B2DA3F90045F006 /* CustomDatePickerView.swift in Sources */ = {isa = PBXBuildFile; fileRef = 610CE3332B2DA3F90045F006 /* CustomDatePickerView.swift */; };
		610CE3362B2DA8C40045F006 /* LoadingView.swift in Sources */ = {isa = PBXBuildFile; fileRef = 610CE3352B2DA8C40045F006 /* LoadingView.swift */; };
		61180D642B4D44F6006DDA6D /* NetworkErrorView.swift in Sources */ = {isa = PBXBuildFile; fileRef = 61180D632B4D44F6006DDA6D /* NetworkErrorView.swift */; };
		611B2BFD2B3966E1004CA53A /* TimeData.swift in Sources */ = {isa = PBXBuildFile; fileRef = 611B2BFC2B3966E1004CA53A /* TimeData.swift */; };
		611B2C012B396729004CA53A /* KaalModel.swift in Sources */ = {isa = PBXBuildFile; fileRef = 611B2C002B396729004CA53A /* KaalModel.swift */; };
		614C172A2B1FD3F4002A2D18 /* KaalApp.swift in Sources */ = {isa = PBXBuildFile; fileRef = 614C17292B1FD3F4002A2D18 /* KaalApp.swift */; };
		614C172C2B1FD3F4002A2D18 /* DashboardView.swift in Sources */ = {isa = PBXBuildFile; fileRef = 614C172B2B1FD3F4002A2D18 /* DashboardView.swift */; };
		614C172E2B1FD3F5002A2D18 /* Assets.xcassets in Resources */ = {isa = PBXBuildFile; fileRef = 614C172D2B1FD3F5002A2D18 /* Assets.xcassets */; };
		614C17312B1FD3F5002A2D18 /* Preview Assets.xcassets in Resources */ = {isa = PBXBuildFile; fileRef = 614C17302B1FD3F5002A2D18 /* Preview Assets.xcassets */; };
		614C174B2B1FF200002A2D18 /* APIManager.swift in Sources */ = {isa = PBXBuildFile; fileRef = 614C174A2B1FF200002A2D18 /* APIManager.swift */; };
		614C174F2B1FF281002A2D18 /* LocationManager.swift in Sources */ = {isa = PBXBuildFile; fileRef = 614C174E2B1FF281002A2D18 /* LocationManager.swift */; };
		614C17542B1FF628002A2D18 /* DaylightModel.swift in Sources */ = {isa = PBXBuildFile; fileRef = 614C17532B1FF628002A2D18 /* DaylightModel.swift */; };
		614C17572B243EE3002A2D18 /* DashboardViewModel.swift in Sources */ = {isa = PBXBuildFile; fileRef = 614C17562B243EE3002A2D18 /* DashboardViewModel.swift */; };
		6159FCEC2B4E0CCF003703AC /* Reachability in Frameworks */ = {isa = PBXBuildFile; productRef = 6159FCEB2B4E0CCF003703AC /* Reachability */; };
		6159FCEE2B4E197A003703AC /* NetworkManager.swift in Sources */ = {isa = PBXBuildFile; fileRef = 6159FCED2B4E197A003703AC /* NetworkManager.swift */; };
		61662F342B2BBE1800B3C4ED /* TileView.swift in Sources */ = {isa = PBXBuildFile; fileRef = 61662F332B2BBE1800B3C4ED /* TileView.swift */; };
		617A66D32B610532000A49DF /* Shimmer in Frameworks */ = {isa = PBXBuildFile; productRef = 617A66D22B610532000A49DF /* Shimmer */; };
		61A1C7742B28F89400E42544 /* RahuKaalView.swift in Sources */ = {isa = PBXBuildFile; fileRef = 61A1C7732B28F89400E42544 /* RahuKaalView.swift */; };
		61A1C7762B28F8A400E42544 /* YamaGandaView.swift in Sources */ = {isa = PBXBuildFile; fileRef = 61A1C7752B28F8A400E42544 /* YamaGandaView.swift */; };
		61A1C77B2B291D1000E42544 /* MainView.swift in Sources */ = {isa = PBXBuildFile; fileRef = 61A1C77A2B291D1000E42544 /* MainView.swift */; };
		61A1C77D2B291D4000E42544 /* NotificationsView.swift in Sources */ = {isa = PBXBuildFile; fileRef = 61A1C77C2B291D4000E42544 /* NotificationsView.swift */; };
		61A1C77F2B291D6600E42544 /* SettingsMenuView.swift in Sources */ = {isa = PBXBuildFile; fileRef = 61A1C77E2B291D6600E42544 /* SettingsMenuView.swift */; };
		61B5DBFC2B4387D9003E0E8C /* KaalDetailView.swift in Sources */ = {isa = PBXBuildFile; fileRef = 61B5DBFB2B4387D9003E0E8C /* KaalDetailView.swift */; };
		61BE67892B258A2B0036CF69 /* InauspiciousTimesGridView.swift in Sources */ = {isa = PBXBuildFile; fileRef = 61BE67882B258A2B0036CF69 /* InauspiciousTimesGridView.swift */; };
		61BE678B2B258A4F0036CF69 /* AuspiciousTimesGridView.swift in Sources */ = {isa = PBXBuildFile; fileRef = 61BE678A2B258A4F0036CF69 /* AuspiciousTimesGridView.swift */; };
		61BE678D2B258A5F0036CF69 /* OthersGridView.swift in Sources */ = {isa = PBXBuildFile; fileRef = 61BE678C2B258A5F0036CF69 /* OthersGridView.swift */; };
		61BE678F2B26E4720036CF69 /* AbhijitKaalView.swift in Sources */ = {isa = PBXBuildFile; fileRef = 61BE678E2B26E4720036CF69 /* AbhijitKaalView.swift */; };
		61BE67912B28152B0036CF69 /* BrahmaMuhurtaView.swift in Sources */ = {isa = PBXBuildFile; fileRef = 61BE67902B28152B0036CF69 /* BrahmaMuhurtaView.swift */; };
		61D694D52B4D15D40039A97F /* LocationItemView.swift in Sources */ = {isa = PBXBuildFile; fileRef = 61D694D42B4D15D40039A97F /* LocationItemView.swift */; };
		61D694D72B4D20570039A97F /* Protocols.swift in Sources */ = {isa = PBXBuildFile; fileRef = 61D694D62B4D20570039A97F /* Protocols.swift */; };
		61DE51C12B33C2C600221661 /* AddressesListResponse.swift in Sources */ = {isa = PBXBuildFile; fileRef = 61DE51C02B33C2C600221661 /* AddressesListResponse.swift */; };
		61DE51C32B33C56A00221661 /* AddressSearchViewModel.swift in Sources */ = {isa = PBXBuildFile; fileRef = 61DE51C22B33C56A00221661 /* AddressSearchViewModel.swift */; };
		61DE51C52B33CE1900221661 /* ChangeAddressView.swift in Sources */ = {isa = PBXBuildFile; fileRef = 61DE51C42B33CE1900221661 /* ChangeAddressView.swift */; };
		61DE51C72B37A16500221661 /* WelcomeView.swift in Sources */ = {isa = PBXBuildFile; fileRef = 61DE51C62B37A16500221661 /* WelcomeView.swift */; };
		61DE51C92B37A71E00221661 /* LocationPermissionView.swift in Sources */ = {isa = PBXBuildFile; fileRef = 61DE51C82B37A71E00221661 /* LocationPermissionView.swift */; };
		61DE51CB2B37A8FB00221661 /* AddressSearchBarView.swift in Sources */ = {isa = PBXBuildFile; fileRef = 61DE51CA2B37A8FB00221661 /* AddressSearchBarView.swift */; };
		61EA78082B512BED00AF618F /* ForLaterVersions.swift in Sources */ = {isa = PBXBuildFile; fileRef = 61EA78072B512BED00AF618F /* ForLaterVersions.swift */; };
		61F6B9AF2B48C14200B9DF24 /* Extensions.swift in Sources */ = {isa = PBXBuildFile; fileRef = 61F6B9AE2B48C14200B9DF24 /* Extensions.swift */; };
		61F7783D2B5C871B00E2C0B8 /* OnboardingKit in Frameworks */ = {isa = PBXBuildFile; productRef = 61F7783C2B5C871B00E2C0B8 /* OnboardingKit */; };
		61F7783F2B5CF58E00E2C0B8 /* DropDownMenuView.swift in Sources */ = {isa = PBXBuildFile; fileRef = 61F7783E2B5CF58E00E2C0B8 /* DropDownMenuView.swift */; };
/* End PBXBuildFile section */

/* Begin PBXFileReference section */
		610CE32F2B2C0F910045F006 /* HighlightedClockView.swift */ = {isa = PBXFileReference; lastKnownFileType = sourcecode.swift; path = HighlightedClockView.swift; sourceTree = "<group>"; };
		610CE3332B2DA3F90045F006 /* CustomDatePickerView.swift */ = {isa = PBXFileReference; lastKnownFileType = sourcecode.swift; path = CustomDatePickerView.swift; sourceTree = "<group>"; };
		610CE3352B2DA8C40045F006 /* LoadingView.swift */ = {isa = PBXFileReference; lastKnownFileType = sourcecode.swift; path = LoadingView.swift; sourceTree = "<group>"; };
		61180D632B4D44F6006DDA6D /* NetworkErrorView.swift */ = {isa = PBXFileReference; lastKnownFileType = sourcecode.swift; path = NetworkErrorView.swift; sourceTree = "<group>"; };
		611B2BFC2B3966E1004CA53A /* TimeData.swift */ = {isa = PBXFileReference; lastKnownFileType = sourcecode.swift; path = TimeData.swift; sourceTree = "<group>"; };
		611B2C002B396729004CA53A /* KaalModel.swift */ = {isa = PBXFileReference; lastKnownFileType = sourcecode.swift; path = KaalModel.swift; sourceTree = "<group>"; };
		614C17262B1FD3F4002A2D18 /* Kaal.app */ = {isa = PBXFileReference; explicitFileType = wrapper.application; includeInIndex = 0; path = Kaal.app; sourceTree = BUILT_PRODUCTS_DIR; };
		614C17292B1FD3F4002A2D18 /* KaalApp.swift */ = {isa = PBXFileReference; lastKnownFileType = sourcecode.swift; path = KaalApp.swift; sourceTree = "<group>"; };
		614C172B2B1FD3F4002A2D18 /* DashboardView.swift */ = {isa = PBXFileReference; lastKnownFileType = sourcecode.swift; path = DashboardView.swift; sourceTree = "<group>"; };
		614C172D2B1FD3F5002A2D18 /* Assets.xcassets */ = {isa = PBXFileReference; lastKnownFileType = folder.assetcatalog; path = Assets.xcassets; sourceTree = "<group>"; };
		614C17302B1FD3F5002A2D18 /* Preview Assets.xcassets */ = {isa = PBXFileReference; lastKnownFileType = folder.assetcatalog; path = "Preview Assets.xcassets"; sourceTree = "<group>"; };
		614C174A2B1FF200002A2D18 /* APIManager.swift */ = {isa = PBXFileReference; lastKnownFileType = sourcecode.swift; path = APIManager.swift; sourceTree = "<group>"; };
		614C174E2B1FF281002A2D18 /* LocationManager.swift */ = {isa = PBXFileReference; lastKnownFileType = sourcecode.swift; path = LocationManager.swift; sourceTree = "<group>"; };
		614C17532B1FF628002A2D18 /* DaylightModel.swift */ = {isa = PBXFileReference; lastKnownFileType = sourcecode.swift; name = DaylightModel.swift; path = /Users/chetan/Desktop/iOS/AppStore/Kaal/Kaal/Models/DaylightModel.swift; sourceTree = "<absolute>"; };
		614C17552B212BE1002A2D18 /* Info.plist */ = {isa = PBXFileReference; lastKnownFileType = text.plist; path = Info.plist; sourceTree = "<group>"; };
		614C17562B243EE3002A2D18 /* DashboardViewModel.swift */ = {isa = PBXFileReference; lastKnownFileType = sourcecode.swift; path = DashboardViewModel.swift; sourceTree = "<group>"; };
		6159FCED2B4E197A003703AC /* NetworkManager.swift */ = {isa = PBXFileReference; lastKnownFileType = sourcecode.swift; path = NetworkManager.swift; sourceTree = "<group>"; };
		61662F332B2BBE1800B3C4ED /* TileView.swift */ = {isa = PBXFileReference; lastKnownFileType = sourcecode.swift; path = TileView.swift; sourceTree = "<group>"; };
		61A1C7732B28F89400E42544 /* RahuKaalView.swift */ = {isa = PBXFileReference; lastKnownFileType = sourcecode.swift; path = RahuKaalView.swift; sourceTree = "<group>"; };
		61A1C7752B28F8A400E42544 /* YamaGandaView.swift */ = {isa = PBXFileReference; lastKnownFileType = sourcecode.swift; path = YamaGandaView.swift; sourceTree = "<group>"; };
		61A1C77A2B291D1000E42544 /* MainView.swift */ = {isa = PBXFileReference; lastKnownFileType = sourcecode.swift; path = MainView.swift; sourceTree = "<group>"; };
		61A1C77C2B291D4000E42544 /* NotificationsView.swift */ = {isa = PBXFileReference; lastKnownFileType = sourcecode.swift; path = NotificationsView.swift; sourceTree = "<group>"; };
		61A1C77E2B291D6600E42544 /* SettingsMenuView.swift */ = {isa = PBXFileReference; lastKnownFileType = sourcecode.swift; path = SettingsMenuView.swift; sourceTree = "<group>"; };
		61B5DBFB2B4387D9003E0E8C /* KaalDetailView.swift */ = {isa = PBXFileReference; lastKnownFileType = sourcecode.swift; path = KaalDetailView.swift; sourceTree = "<group>"; };
		61BE67882B258A2B0036CF69 /* InauspiciousTimesGridView.swift */ = {isa = PBXFileReference; lastKnownFileType = sourcecode.swift; path = InauspiciousTimesGridView.swift; sourceTree = "<group>"; };
		61BE678A2B258A4F0036CF69 /* AuspiciousTimesGridView.swift */ = {isa = PBXFileReference; lastKnownFileType = sourcecode.swift; path = AuspiciousTimesGridView.swift; sourceTree = "<group>"; };
		61BE678C2B258A5F0036CF69 /* OthersGridView.swift */ = {isa = PBXFileReference; lastKnownFileType = sourcecode.swift; path = OthersGridView.swift; sourceTree = "<group>"; };
		61BE678E2B26E4720036CF69 /* AbhijitKaalView.swift */ = {isa = PBXFileReference; lastKnownFileType = sourcecode.swift; path = AbhijitKaalView.swift; sourceTree = "<group>"; };
		61BE67902B28152B0036CF69 /* BrahmaMuhurtaView.swift */ = {isa = PBXFileReference; lastKnownFileType = sourcecode.swift; path = BrahmaMuhurtaView.swift; sourceTree = "<group>"; };
		61D694D42B4D15D40039A97F /* LocationItemView.swift */ = {isa = PBXFileReference; lastKnownFileType = sourcecode.swift; path = LocationItemView.swift; sourceTree = "<group>"; };
		61D694D62B4D20570039A97F /* Protocols.swift */ = {isa = PBXFileReference; lastKnownFileType = sourcecode.swift; path = Protocols.swift; sourceTree = "<group>"; };
		61DE51C02B33C2C600221661 /* AddressesListResponse.swift */ = {isa = PBXFileReference; lastKnownFileType = sourcecode.swift; path = AddressesListResponse.swift; sourceTree = "<group>"; };
		61DE51C22B33C56A00221661 /* AddressSearchViewModel.swift */ = {isa = PBXFileReference; lastKnownFileType = sourcecode.swift; path = AddressSearchViewModel.swift; sourceTree = "<group>"; };
		61DE51C42B33CE1900221661 /* ChangeAddressView.swift */ = {isa = PBXFileReference; lastKnownFileType = sourcecode.swift; path = ChangeAddressView.swift; sourceTree = "<group>"; };
		61DE51C62B37A16500221661 /* WelcomeView.swift */ = {isa = PBXFileReference; lastKnownFileType = sourcecode.swift; path = WelcomeView.swift; sourceTree = "<group>"; };
		61DE51C82B37A71E00221661 /* LocationPermissionView.swift */ = {isa = PBXFileReference; lastKnownFileType = sourcecode.swift; path = LocationPermissionView.swift; sourceTree = "<group>"; };
		61DE51CA2B37A8FB00221661 /* AddressSearchBarView.swift */ = {isa = PBXFileReference; lastKnownFileType = sourcecode.swift; path = AddressSearchBarView.swift; sourceTree = "<group>"; };
		61EA78072B512BED00AF618F /* ForLaterVersions.swift */ = {isa = PBXFileReference; lastKnownFileType = sourcecode.swift; path = ForLaterVersions.swift; sourceTree = "<group>"; };
		61F6B9AE2B48C14200B9DF24 /* Extensions.swift */ = {isa = PBXFileReference; lastKnownFileType = sourcecode.swift; path = Extensions.swift; sourceTree = "<group>"; };
		61F7783E2B5CF58E00E2C0B8 /* DropDownMenuView.swift */ = {isa = PBXFileReference; lastKnownFileType = sourcecode.swift; path = DropDownMenuView.swift; sourceTree = "<group>"; };
/* End PBXFileReference section */

/* Begin PBXFrameworksBuildPhase section */
		614C17232B1FD3F4002A2D18 /* Frameworks */ = {
			isa = PBXFrameworksBuildPhase;
			buildActionMask = 2147483647;
			files = (
				617A66D32B610532000A49DF /* Shimmer in Frameworks */,
				61F7783D2B5C871B00E2C0B8 /* OnboardingKit in Frameworks */,
				6159FCEC2B4E0CCF003703AC /* Reachability in Frameworks */,
			);
			runOnlyForDeploymentPostprocessing = 0;
		};
/* End PBXFrameworksBuildPhase section */

/* Begin PBXGroup section */
		611D0C222B30F8B000FD215C /* Onboarding */ = {
			isa = PBXGroup;
			children = (
				61DE51C62B37A16500221661 /* WelcomeView.swift */,
				61DE51C82B37A71E00221661 /* LocationPermissionView.swift */,
			);
			path = Onboarding;
			sourceTree = "<group>";
		};
		614C171D2B1FD3F4002A2D18 = {
			isa = PBXGroup;
			children = (
				614C17282B1FD3F4002A2D18 /* Kaal */,
				614C17272B1FD3F4002A2D18 /* Products */,
			);
			sourceTree = "<group>";
		};
		614C17272B1FD3F4002A2D18 /* Products */ = {
			isa = PBXGroup;
			children = (
				614C17262B1FD3F4002A2D18 /* Kaal.app */,
			);
			name = Products;
			sourceTree = "<group>";
		};
		614C17282B1FD3F4002A2D18 /* Kaal */ = {
			isa = PBXGroup;
			children = (
				614C17552B212BE1002A2D18 /* Info.plist */,
				614C17292B1FD3F4002A2D18 /* KaalApp.swift */,
				61F6B9AE2B48C14200B9DF24 /* Extensions.swift */,
				61D694D62B4D20570039A97F /* Protocols.swift */,
				614C17522B1FF608002A2D18 /* Models */,
				614C17492B1FF1DC002A2D18 /* NetworkModule */,
				614C17482B1FF1CA002A2D18 /* View Models */,
				614C17452B1FF18F002A2D18 /* Views */,
				614C172D2B1FD3F5002A2D18 /* Assets.xcassets */,
				614C172F2B1FD3F5002A2D18 /* Preview Content */,
			);
			path = Kaal;
			sourceTree = "<group>";
		};
		614C172F2B1FD3F5002A2D18 /* Preview Content */ = {
			isa = PBXGroup;
			children = (
				614C17302B1FD3F5002A2D18 /* Preview Assets.xcassets */,
			);
			path = "Preview Content";
			sourceTree = "<group>";
		};
		614C17452B1FF18F002A2D18 /* Views */ = {
			isa = PBXGroup;
			children = (
				61A1C77A2B291D1000E42544 /* MainView.swift */,
				61180D632B4D44F6006DDA6D /* NetworkErrorView.swift */,
				611D0C222B30F8B000FD215C /* Onboarding */,
				61662F352B2BBE2600B3C4ED /* Main Subviews */,
				61A1C7772B291C2D00E42544 /* Inauspicious Times */,
				61A1C7782B291C4B00E42544 /* Auspicious Times */,
				61A1C7792B291C5800E42544 /* Other Times */,
				61B5DBFA2B4387B2003E0E8C /* Reusable Views */,
			);
			path = Views;
			sourceTree = "<group>";
		};
		614C17482B1FF1CA002A2D18 /* View Models */ = {
			isa = PBXGroup;
			children = (
				614C174E2B1FF281002A2D18 /* LocationManager.swift */,
				61DE51C22B33C56A00221661 /* AddressSearchViewModel.swift */,
				614C17562B243EE3002A2D18 /* DashboardViewModel.swift */,
			);
			name = "View Models";
			sourceTree = "<group>";
		};
		614C17492B1FF1DC002A2D18 /* NetworkModule */ = {
			isa = PBXGroup;
			children = (
				614C174A2B1FF200002A2D18 /* APIManager.swift */,
				6159FCED2B4E197A003703AC /* NetworkManager.swift */,
			);
			name = NetworkModule;
			sourceTree = "<group>";
		};
		614C17522B1FF608002A2D18 /* Models */ = {
			isa = PBXGroup;
			children = (
				614C17532B1FF628002A2D18 /* DaylightModel.swift */,
				611B2BFC2B3966E1004CA53A /* TimeData.swift */,
				61DE51C02B33C2C600221661 /* AddressesListResponse.swift */,
				611B2C002B396729004CA53A /* KaalModel.swift */,
			);
			path = Models;
			sourceTree = "<group>";
		};
		61662F352B2BBE2600B3C4ED /* Main Subviews */ = {
			isa = PBXGroup;
			children = (
				614C172B2B1FD3F4002A2D18 /* DashboardView.swift */,
				61A1C77E2B291D6600E42544 /* SettingsMenuView.swift */,
				61A1C77C2B291D4000E42544 /* NotificationsView.swift */,
			);
			path = "Main Subviews";
			sourceTree = "<group>";
		};
		61A1C7772B291C2D00E42544 /* Inauspicious Times */ = {
			isa = PBXGroup;
			children = (
				61BE67882B258A2B0036CF69 /* InauspiciousTimesGridView.swift */,
				61A1C7732B28F89400E42544 /* RahuKaalView.swift */,
				61A1C7752B28F8A400E42544 /* YamaGandaView.swift */,
			);
			path = "Inauspicious Times";
			sourceTree = "<group>";
		};
		61A1C7782B291C4B00E42544 /* Auspicious Times */ = {
			isa = PBXGroup;
			children = (
				61BE678A2B258A4F0036CF69 /* AuspiciousTimesGridView.swift */,
				61BE678E2B26E4720036CF69 /* AbhijitKaalView.swift */,
				61BE67902B28152B0036CF69 /* BrahmaMuhurtaView.swift */,
			);
			path = "Auspicious Times";
			sourceTree = "<group>";
		};
		61A1C7792B291C5800E42544 /* Other Times */ = {
			isa = PBXGroup;
			children = (
				61BE678C2B258A5F0036CF69 /* OthersGridView.swift */,
				61DE51CA2B37A8FB00221661 /* AddressSearchBarView.swift */,
			);
			path = "Other Times";
			sourceTree = "<group>";
		};
		61B5DBFA2B4387B2003E0E8C /* Reusable Views */ = {
			isa = PBXGroup;
			children = (
				61662F332B2BBE1800B3C4ED /* TileView.swift */,
				61DE51C42B33CE1900221661 /* ChangeAddressView.swift */,
				61F7783E2B5CF58E00E2C0B8 /* DropDownMenuView.swift */,
				610CE3352B2DA8C40045F006 /* LoadingView.swift */,
				610CE3332B2DA3F90045F006 /* CustomDatePickerView.swift */,
				610CE32F2B2C0F910045F006 /* HighlightedClockView.swift */,
				61B5DBFB2B4387D9003E0E8C /* KaalDetailView.swift */,
				61D694D42B4D15D40039A97F /* LocationItemView.swift */,
				61EA78072B512BED00AF618F /* ForLaterVersions.swift */,
			);
			path = "Reusable Views";
			sourceTree = "<group>";
		};
/* End PBXGroup section */

/* Begin PBXNativeTarget section */
		614C17252B1FD3F4002A2D18 /* Kaal */ = {
			isa = PBXNativeTarget;
			buildConfigurationList = 614C17342B1FD3F5002A2D18 /* Build configuration list for PBXNativeTarget "Kaal" */;
			buildPhases = (
				614C17222B1FD3F4002A2D18 /* Sources */,
				614C17232B1FD3F4002A2D18 /* Frameworks */,
				614C17242B1FD3F4002A2D18 /* Resources */,
			);
			buildRules = (
			);
			dependencies = (
			);
			name = Kaal;
			packageProductDependencies = (
				6159FCEB2B4E0CCF003703AC /* Reachability */,
				61F7783C2B5C871B00E2C0B8 /* OnboardingKit */,
				617A66D22B610532000A49DF /* Shimmer */,
			);
			productName = Kaal;
			productReference = 614C17262B1FD3F4002A2D18 /* Kaal.app */;
			productType = "com.apple.product-type.application";
		};
/* End PBXNativeTarget section */

/* Begin PBXProject section */
		614C171E2B1FD3F4002A2D18 /* Project object */ = {
			isa = PBXProject;
			attributes = {
				BuildIndependentTargetsInParallel = 1;
				LastSwiftUpdateCheck = 1500;
				LastUpgradeCheck = 1500;
				TargetAttributes = {
					614C17252B1FD3F4002A2D18 = {
						CreatedOnToolsVersion = 15.0.1;
					};
				};
			};
			buildConfigurationList = 614C17212B1FD3F4002A2D18 /* Build configuration list for PBXProject "Kaal" */;
			compatibilityVersion = "Xcode 14.0";
			developmentRegion = en;
			hasScannedForEncodings = 0;
			knownRegions = (
				en,
				Base,
			);
			mainGroup = 614C171D2B1FD3F4002A2D18;
			packageReferences = (
				6159FCEA2B4E0CCF003703AC /* XCRemoteSwiftPackageReference "Reachability" */,
				61F7783B2B5C871B00E2C0B8 /* XCRemoteSwiftPackageReference "OnboardingKit" */,
				617A66D12B610532000A49DF /* XCRemoteSwiftPackageReference "SwiftUI-Shimmer" */,
			);
			productRefGroup = 614C17272B1FD3F4002A2D18 /* Products */;
			projectDirPath = "";
			projectRoot = "";
			targets = (
				614C17252B1FD3F4002A2D18 /* Kaal */,
			);
		};
/* End PBXProject section */

/* Begin PBXResourcesBuildPhase section */
		614C17242B1FD3F4002A2D18 /* Resources */ = {
			isa = PBXResourcesBuildPhase;
			buildActionMask = 2147483647;
			files = (
				614C17312B1FD3F5002A2D18 /* Preview Assets.xcassets in Resources */,
				614C172E2B1FD3F5002A2D18 /* Assets.xcassets in Resources */,
			);
			runOnlyForDeploymentPostprocessing = 0;
		};
/* End PBXResourcesBuildPhase section */

/* Begin PBXSourcesBuildPhase section */
		614C17222B1FD3F4002A2D18 /* Sources */ = {
			isa = PBXSourcesBuildPhase;
			buildActionMask = 2147483647;
			files = (
				61DE51C32B33C56A00221661 /* AddressSearchViewModel.swift in Sources */,
				61BE678D2B258A5F0036CF69 /* OthersGridView.swift in Sources */,
				61DE51C92B37A71E00221661 /* LocationPermissionView.swift in Sources */,
				610CE3302B2C0F910045F006 /* HighlightedClockView.swift in Sources */,
				61A1C77B2B291D1000E42544 /* MainView.swift in Sources */,
				61EA78082B512BED00AF618F /* ForLaterVersions.swift in Sources */,
				61F7783F2B5CF58E00E2C0B8 /* DropDownMenuView.swift in Sources */,
				61A1C77F2B291D6600E42544 /* SettingsMenuView.swift in Sources */,
				61BE678B2B258A4F0036CF69 /* AuspiciousTimesGridView.swift in Sources */,
				61BE67892B258A2B0036CF69 /* InauspiciousTimesGridView.swift in Sources */,
				61A1C7762B28F8A400E42544 /* YamaGandaView.swift in Sources */,
				61BE67912B28152B0036CF69 /* BrahmaMuhurtaView.swift in Sources */,
				6159FCEE2B4E197A003703AC /* NetworkManager.swift in Sources */,
				614C174F2B1FF281002A2D18 /* LocationManager.swift in Sources */,
				610CE3342B2DA3F90045F006 /* CustomDatePickerView.swift in Sources */,
				61A1C7742B28F89400E42544 /* RahuKaalView.swift in Sources */,
				614C17542B1FF628002A2D18 /* DaylightModel.swift in Sources */,
				61B5DBFC2B4387D9003E0E8C /* KaalDetailView.swift in Sources */,
				61D694D72B4D20570039A97F /* Protocols.swift in Sources */,
				614C174B2B1FF200002A2D18 /* APIManager.swift in Sources */,
				610CE3362B2DA8C40045F006 /* LoadingView.swift in Sources */,
				611B2C012B396729004CA53A /* KaalModel.swift in Sources */,
				614C172C2B1FD3F4002A2D18 /* DashboardView.swift in Sources */,
				61662F342B2BBE1800B3C4ED /* TileView.swift in Sources */,
				61D694D52B4D15D40039A97F /* LocationItemView.swift in Sources */,
				61180D642B4D44F6006DDA6D /* NetworkErrorView.swift in Sources */,
				61A1C77D2B291D4000E42544 /* NotificationsView.swift in Sources */,
				611B2BFD2B3966E1004CA53A /* TimeData.swift in Sources */,
				61BE678F2B26E4720036CF69 /* AbhijitKaalView.swift in Sources */,
				61DE51C72B37A16500221661 /* WelcomeView.swift in Sources */,
				614C172A2B1FD3F4002A2D18 /* KaalApp.swift in Sources */,
				61F6B9AF2B48C14200B9DF24 /* Extensions.swift in Sources */,
				61DE51C12B33C2C600221661 /* AddressesListResponse.swift in Sources */,
				61DE51C52B33CE1900221661 /* ChangeAddressView.swift in Sources */,
				614C17572B243EE3002A2D18 /* DashboardViewModel.swift in Sources */,
				61DE51CB2B37A8FB00221661 /* AddressSearchBarView.swift in Sources */,
			);
			runOnlyForDeploymentPostprocessing = 0;
		};
/* End PBXSourcesBuildPhase section */

/* Begin XCBuildConfiguration section */
		614C17322B1FD3F5002A2D18 /* Debug */ = {
			isa = XCBuildConfiguration;
			buildSettings = {
				ALWAYS_SEARCH_USER_PATHS = NO;
				ASSETCATALOG_COMPILER_GENERATE_SWIFT_ASSET_SYMBOL_EXTENSIONS = YES;
				CLANG_ANALYZER_NONNULL = YES;
				CLANG_ANALYZER_NUMBER_OBJECT_CONVERSION = YES_AGGRESSIVE;
				CLANG_CXX_LANGUAGE_STANDARD = "gnu++20";
				CLANG_ENABLE_MODULES = YES;
				CLANG_ENABLE_OBJC_ARC = YES;
				CLANG_ENABLE_OBJC_WEAK = YES;
				CLANG_WARN_BLOCK_CAPTURE_AUTORELEASING = YES;
				CLANG_WARN_BOOL_CONVERSION = YES;
				CLANG_WARN_COMMA = YES;
				CLANG_WARN_CONSTANT_CONVERSION = YES;
				CLANG_WARN_DEPRECATED_OBJC_IMPLEMENTATIONS = YES;
				CLANG_WARN_DIRECT_OBJC_ISA_USAGE = YES_ERROR;
				CLANG_WARN_DOCUMENTATION_COMMENTS = YES;
				CLANG_WARN_EMPTY_BODY = YES;
				CLANG_WARN_ENUM_CONVERSION = YES;
				CLANG_WARN_INFINITE_RECURSION = YES;
				CLANG_WARN_INT_CONVERSION = YES;
				CLANG_WARN_NON_LITERAL_NULL_CONVERSION = YES;
				CLANG_WARN_OBJC_IMPLICIT_RETAIN_SELF = YES;
				CLANG_WARN_OBJC_LITERAL_CONVERSION = YES;
				CLANG_WARN_OBJC_ROOT_CLASS = YES_ERROR;
				CLANG_WARN_QUOTED_INCLUDE_IN_FRAMEWORK_HEADER = YES;
				CLANG_WARN_RANGE_LOOP_ANALYSIS = YES;
				CLANG_WARN_STRICT_PROTOTYPES = YES;
				CLANG_WARN_SUSPICIOUS_MOVE = YES;
				CLANG_WARN_UNGUARDED_AVAILABILITY = YES_AGGRESSIVE;
				CLANG_WARN_UNREACHABLE_CODE = YES;
				CLANG_WARN__DUPLICATE_METHOD_MATCH = YES;
				COPY_PHASE_STRIP = NO;
				DEBUG_INFORMATION_FORMAT = dwarf;
				ENABLE_STRICT_OBJC_MSGSEND = YES;
				ENABLE_TESTABILITY = YES;
				ENABLE_USER_SCRIPT_SANDBOXING = YES;
				GCC_C_LANGUAGE_STANDARD = gnu17;
				GCC_DYNAMIC_NO_PIC = NO;
				GCC_NO_COMMON_BLOCKS = YES;
				GCC_OPTIMIZATION_LEVEL = 0;
				GCC_PREPROCESSOR_DEFINITIONS = (
					"DEBUG=1",
					"$(inherited)",
				);
				GCC_WARN_64_TO_32_BIT_CONVERSION = YES;
				GCC_WARN_ABOUT_RETURN_TYPE = YES_ERROR;
				GCC_WARN_UNDECLARED_SELECTOR = YES;
				GCC_WARN_UNINITIALIZED_AUTOS = YES_AGGRESSIVE;
				GCC_WARN_UNUSED_FUNCTION = YES;
				GCC_WARN_UNUSED_VARIABLE = YES;
				IPHONEOS_DEPLOYMENT_TARGET = 17.0;
				LOCALIZATION_PREFERS_STRING_CATALOGS = YES;
				MTL_ENABLE_DEBUG_INFO = INCLUDE_SOURCE;
				MTL_FAST_MATH = YES;
				ONLY_ACTIVE_ARCH = YES;
				SDKROOT = iphoneos;
				SWIFT_ACTIVE_COMPILATION_CONDITIONS = "DEBUG $(inherited)";
				SWIFT_OPTIMIZATION_LEVEL = "-Onone";
			};
			name = Debug;
		};
		614C17332B1FD3F5002A2D18 /* Release */ = {
			isa = XCBuildConfiguration;
			buildSettings = {
				ALWAYS_SEARCH_USER_PATHS = NO;
				ASSETCATALOG_COMPILER_GENERATE_SWIFT_ASSET_SYMBOL_EXTENSIONS = YES;
				CLANG_ANALYZER_NONNULL = YES;
				CLANG_ANALYZER_NUMBER_OBJECT_CONVERSION = YES_AGGRESSIVE;
				CLANG_CXX_LANGUAGE_STANDARD = "gnu++20";
				CLANG_ENABLE_MODULES = YES;
				CLANG_ENABLE_OBJC_ARC = YES;
				CLANG_ENABLE_OBJC_WEAK = YES;
				CLANG_WARN_BLOCK_CAPTURE_AUTORELEASING = YES;
				CLANG_WARN_BOOL_CONVERSION = YES;
				CLANG_WARN_COMMA = YES;
				CLANG_WARN_CONSTANT_CONVERSION = YES;
				CLANG_WARN_DEPRECATED_OBJC_IMPLEMENTATIONS = YES;
				CLANG_WARN_DIRECT_OBJC_ISA_USAGE = YES_ERROR;
				CLANG_WARN_DOCUMENTATION_COMMENTS = YES;
				CLANG_WARN_EMPTY_BODY = YES;
				CLANG_WARN_ENUM_CONVERSION = YES;
				CLANG_WARN_INFINITE_RECURSION = YES;
				CLANG_WARN_INT_CONVERSION = YES;
				CLANG_WARN_NON_LITERAL_NULL_CONVERSION = YES;
				CLANG_WARN_OBJC_IMPLICIT_RETAIN_SELF = YES;
				CLANG_WARN_OBJC_LITERAL_CONVERSION = YES;
				CLANG_WARN_OBJC_ROOT_CLASS = YES_ERROR;
				CLANG_WARN_QUOTED_INCLUDE_IN_FRAMEWORK_HEADER = YES;
				CLANG_WARN_RANGE_LOOP_ANALYSIS = YES;
				CLANG_WARN_STRICT_PROTOTYPES = YES;
				CLANG_WARN_SUSPICIOUS_MOVE = YES;
				CLANG_WARN_UNGUARDED_AVAILABILITY = YES_AGGRESSIVE;
				CLANG_WARN_UNREACHABLE_CODE = YES;
				CLANG_WARN__DUPLICATE_METHOD_MATCH = YES;
				COPY_PHASE_STRIP = NO;
				DEBUG_INFORMATION_FORMAT = "dwarf-with-dsym";
				ENABLE_NS_ASSERTIONS = NO;
				ENABLE_STRICT_OBJC_MSGSEND = YES;
				ENABLE_USER_SCRIPT_SANDBOXING = YES;
				GCC_C_LANGUAGE_STANDARD = gnu17;
				GCC_NO_COMMON_BLOCKS = YES;
				GCC_WARN_64_TO_32_BIT_CONVERSION = YES;
				GCC_WARN_ABOUT_RETURN_TYPE = YES_ERROR;
				GCC_WARN_UNDECLARED_SELECTOR = YES;
				GCC_WARN_UNINITIALIZED_AUTOS = YES_AGGRESSIVE;
				GCC_WARN_UNUSED_FUNCTION = YES;
				GCC_WARN_UNUSED_VARIABLE = YES;
				IPHONEOS_DEPLOYMENT_TARGET = 17.0;
				LOCALIZATION_PREFERS_STRING_CATALOGS = YES;
				MTL_ENABLE_DEBUG_INFO = NO;
				MTL_FAST_MATH = YES;
				SDKROOT = iphoneos;
				SWIFT_COMPILATION_MODE = wholemodule;
				VALIDATE_PRODUCT = YES;
			};
			name = Release;
		};
		614C17352B1FD3F5002A2D18 /* Debug */ = {
			isa = XCBuildConfiguration;
			buildSettings = {
				ASSETCATALOG_COMPILER_APPICON_NAME = AppIcon;
				ASSETCATALOG_COMPILER_GLOBAL_ACCENT_COLOR_NAME = AccentColor;
				CODE_SIGN_STYLE = Automatic;
				CURRENT_PROJECT_VERSION = 1;
				DEVELOPMENT_ASSET_PATHS = "\"Kaal/Preview Content\"";
				DEVELOPMENT_TEAM = H8X7BGGD4F;
				ENABLE_PREVIEWS = YES;
				GENERATE_INFOPLIST_FILE = YES;
				INFOPLIST_FILE = Kaal/Info.plist;
				INFOPLIST_KEY_CFBundleDisplayName = Kaal;
				INFOPLIST_KEY_NSLocationWhenInUseUsageDescription = "We need your location to calculate the daylight timings.";
				INFOPLIST_KEY_UIApplicationSceneManifest_Generation = YES;
				INFOPLIST_KEY_UIApplicationSupportsIndirectInputEvents = YES;
				INFOPLIST_KEY_UILaunchScreen_Generation = YES;
				INFOPLIST_KEY_UIRequiresFullScreen = YES;
				INFOPLIST_KEY_UIStatusBarStyle = "";
				INFOPLIST_KEY_UISupportedInterfaceOrientations = UIInterfaceOrientationPortrait;
				IPHONEOS_DEPLOYMENT_TARGET = 17.0;
				LD_RUNPATH_SEARCH_PATHS = (
					"$(inherited)",
					"@executable_path/Frameworks",
				);
				MARKETING_VERSION = 0.5;
				PRODUCT_BUNDLE_IDENTIFIER = com.chetan.KaalaVeda;
				PRODUCT_NAME = "$(TARGET_NAME)";
				SWIFT_EMIT_LOC_STRINGS = YES;
				SWIFT_VERSION = 5.0;
				TARGETED_DEVICE_FAMILY = "1,2";
			};
			name = Debug;
		};
		614C17362B1FD3F5002A2D18 /* Release */ = {
			isa = XCBuildConfiguration;
			buildSettings = {
				ASSETCATALOG_COMPILER_APPICON_NAME = AppIcon;
				ASSETCATALOG_COMPILER_GLOBAL_ACCENT_COLOR_NAME = AccentColor;
				CODE_SIGN_STYLE = Automatic;
				CURRENT_PROJECT_VERSION = 1;
				DEVELOPMENT_ASSET_PATHS = "\"Kaal/Preview Content\"";
				DEVELOPMENT_TEAM = H8X7BGGD4F;
				ENABLE_PREVIEWS = YES;
				GENERATE_INFOPLIST_FILE = YES;
				INFOPLIST_FILE = Kaal/Info.plist;
				INFOPLIST_KEY_CFBundleDisplayName = Kaal;
				INFOPLIST_KEY_NSLocationWhenInUseUsageDescription = "We need your location to calculate the daylight timings.";
				INFOPLIST_KEY_UIApplicationSceneManifest_Generation = YES;
				INFOPLIST_KEY_UIApplicationSupportsIndirectInputEvents = YES;
				INFOPLIST_KEY_UILaunchScreen_Generation = YES;
				INFOPLIST_KEY_UIRequiresFullScreen = YES;
				INFOPLIST_KEY_UIStatusBarStyle = "";
				INFOPLIST_KEY_UISupportedInterfaceOrientations = UIInterfaceOrientationPortrait;
				IPHONEOS_DEPLOYMENT_TARGET = 17.0;
				LD_RUNPATH_SEARCH_PATHS = (
					"$(inherited)",
					"@executable_path/Frameworks",
				);
				MARKETING_VERSION = 0.5;
				PRODUCT_BUNDLE_IDENTIFIER = com.chetan.KaalaVeda;
				PRODUCT_NAME = "$(TARGET_NAME)";
				SWIFT_EMIT_LOC_STRINGS = YES;
				SWIFT_VERSION = 5.0;
				TARGETED_DEVICE_FAMILY = "1,2";
			};
			name = Release;
		};
/* End XCBuildConfiguration section */

/* Begin XCConfigurationList section */
		614C17212B1FD3F4002A2D18 /* Build configuration list for PBXProject "Kaal" */ = {
			isa = XCConfigurationList;
			buildConfigurations = (
				614C17322B1FD3F5002A2D18 /* Debug */,
				614C17332B1FD3F5002A2D18 /* Release */,
			);
			defaultConfigurationIsVisible = 0;
			defaultConfigurationName = Release;
		};
		614C17342B1FD3F5002A2D18 /* Build configuration list for PBXNativeTarget "Kaal" */ = {
			isa = XCConfigurationList;
			buildConfigurations = (
				614C17352B1FD3F5002A2D18 /* Debug */,
				614C17362B1FD3F5002A2D18 /* Release */,
			);
			defaultConfigurationIsVisible = 0;
			defaultConfigurationName = Release;
		};
/* End XCConfigurationList section */

/* Begin XCRemoteSwiftPackageReference section */
		6159FCEA2B4E0CCF003703AC /* XCRemoteSwiftPackageReference "Reachability" */ = {
			isa = XCRemoteSwiftPackageReference;
			repositoryURL = "https://github.com/ashleymills/Reachability.swift";
			requirement = {
				branch = master;
				kind = branch;
			};
		};
		617A66D12B610532000A49DF /* XCRemoteSwiftPackageReference "SwiftUI-Shimmer" */ = {
			isa = XCRemoteSwiftPackageReference;
			repositoryURL = "https://github.com/markiv/SwiftUI-Shimmer";
			requirement = {
				kind = exactVersion;
				version = 1.4.0;
			};
		};
		61F7783B2B5C871B00E2C0B8 /* XCRemoteSwiftPackageReference "OnboardingKit" */ = {
			isa = XCRemoteSwiftPackageReference;
			repositoryURL = "https://github.com/JamesSedlacek/OnboardingKit.git";
			requirement = {
				branch = main;
				kind = branch;
			};
		};
/* End XCRemoteSwiftPackageReference section */

/* Begin XCSwiftPackageProductDependency section */
		6159FCEB2B4E0CCF003703AC /* Reachability */ = {
			isa = XCSwiftPackageProductDependency;
			package = 6159FCEA2B4E0CCF003703AC /* XCRemoteSwiftPackageReference "Reachability" */;
			productName = Reachability;
		};
		617A66D22B610532000A49DF /* Shimmer */ = {
			isa = XCSwiftPackageProductDependency;
			package = 617A66D12B610532000A49DF /* XCRemoteSwiftPackageReference "SwiftUI-Shimmer" */;
			productName = Shimmer;
		};
		61F7783C2B5C871B00E2C0B8 /* OnboardingKit */ = {
			isa = XCSwiftPackageProductDependency;
			package = 61F7783B2B5C871B00E2C0B8 /* XCRemoteSwiftPackageReference "OnboardingKit" */;
			productName = OnboardingKit;
		};
/* End XCSwiftPackageProductDependency section */
	};
	rootObject = 614C171E2B1FD3F4002A2D18 /* Project object */;
}
